{
  "originHash" : "cfac1912dc642a3702e0540876cd729e89c38ef57572e5a8e67c173459c92025",
  "pins" : [
    {
      "identity" : "grdb.swift",
      "kind" : "remoteSourceControl",
      "location" : "https://github.com/groue/GRDB.swift.git",
      "state" : {
        "revision" : "9ed8c8457e00ff9c7aedb3bf213f20a2cfdf509e",
        "version" : "7.11.0"
      }
    }
  ],
  "version" : 3
}
